
Microsoft Visual Studio Solution File, Format Version 12.00
# Visual Studio 15
Project("{FAE04EC0-301F-11D3-BF4B-00C04F79EFBC}") = "Assembly-CSharp", "Assembly-CSharp.csproj", "{73CBF0A9-844A-84B1-80AD-0FC54325D0D2}"
EndProject
Project("{FAE04EC0-301F-11D3-BF4B-00C04F79EFBC}") = "Assembly-CSharp-Editor", "Assembly-CSharp-Editor.csproj", "{07FF7BAB-2913-4E8B-59EA-A020BF6F1F77}"
EndProject
Global
	GlobalSection(SolutionConfigurationPlatforms) = preSolution
		Debug|Any CPU = Debug|Any CPU
		Release|Any CPU = Release|Any CPU
	EndGlobalSection
	GlobalSection(ProjectConfigurationPlatforms) = postSolution
		{73CBF0A9-844A-84B1-80AD-0FC54325D0D2}.Debug|Any CPU.ActiveCfg = Debug|Any CPU
		{73CBF0A9-844A-84B1-80AD-0FC54325D0D2}.Debug|Any CPU.Build.0 = Debug|Any CPU
		{73CBF0A9-844A-84B1-80AD-0FC54325D0D2}.Release|Any CPU.ActiveCfg = Release|Any CPU
		{73CBF0A9-844A-84B1-80AD-0FC54325D0D2}.Release|Any CPU.Build.0 = Release|Any CPU
		{07FF7BAB-2913-4E8B-59EA-A020BF6F1F77}.Debug|Any CPU.ActiveCfg = Debug|Any CPU
		{07FF7BAB-2913-4E8B-59EA-A020BF6F1F77}.Debug|Any CPU.Build.0 = Debug|Any CPU
		{07FF7BAB-2913-4E8B-59EA-A020BF6F1F77}.Release|Any CPU.ActiveCfg = Release|Any CPU
		{07FF7BAB-2913-4E8B-59EA-A020BF6F1F77}.Release|Any CPU.Build.0 = Release|Any CPU
	EndGlobalSection
	GlobalSection(SolutionProperties) = preSolution
		HideSolutionNode = FALSE
	EndGlobalSection
EndGlobal
